<?xml version="1.0" encoding="utf-8"?>
<Project ToolsVersion="4.0" xmlns="http://schemas.microsoft.com/developer/msbuild/2003">
  <ItemGroup>
    <ClCompile Include="main.cpp" />
    <ClCompile Include="common\datetime.cpp">
      <Filter>common</Filter>
    </ClCompile>
    <ClCompile Include="common\modules.cpp">
      <Filter>common</Filter>
    </ClCompile>
    <ClCompile Include="network\CNet.cpp">
      <Filter>network</Filter>
    </ClCompile>
    <ClCompile Include="network\CTcpClient.cpp">
      <Filter>network</Filter>
    </ClCompile>
    <ClCompile Include="network\CNetPool.cpp">
      <Filter>network</Filter>
    </ClCompile>
    <ClCompile Include="network\CTcpServer.cpp">
      <Filter>network</Filter>
    </ClCompile>
    <ClCompile Include="network\CNetTools.cpp">
      <Filter>network</Filter>
    </ClCompile>
    <ClCompile Include="network\common_net.cpp">
      <Filter>network</Filter>
    </ClCompile>
    <ClCompile Include="request\request.cpp">
      <Filter>request</Filter>
    </ClCompile>
    <ClCompile Include="request\request.pb.cc">
      <Filter>request</Filter>
    </ClCompile>
    <ClCompile Include="database\CDBEngine.cpp">
      <Filter>database</Filter>
    </ClCompile>
    <ClCompile Include="database\CMySQL.cpp">
      <Filter>database</Filter>
    </ClCompile>
    <ClCompile Include="database\CODBC.cpp">
      <Filter>database</Filter>
    </ClCompile>
    <ClCompile Include="database\COracle.cpp">
      <Filter>database</Filter>
    </ClCompile>
    <ClCompile Include="database\CSQLite3.cpp">
      <Filter>database</Filter>
    </ClCompile>
    <ClCompile Include="database\common_db.cpp">
      <Filter>database</Filter>
    </ClCompile>
    <ClCompile Include="database\IDataBase.cpp">
      <Filter>database</Filter>
    </ClCompile>
    <ClCompile Include="basic\CDistributor.cpp">
      <Filter>basic</Filter>
    </ClCompile>
    <ClCompile Include="thread\CThreadPool.cpp">
      <Filter>thread</Filter>
    </ClCompile>
	<ClCompile Include="system\CBrokerService.cpp">
	  <Filter>system</Filter>
	</ClCompile>
	<ClCompile Include="system\CSubscriptionMgr.cpp">
	  <Filter>system</Filter>
	</ClCompile>
	<ClCompile Include="request\RequestCenter.cpp">
		<Filter>request</Filter>
	</ClCompile>
    <ClCompile Include="common\utility.cpp">
      <Filter>common</Filter>
    </ClCompile>
    <ClCompile Include="common\defines.cpp">
      <Filter>common</Filter>
    </ClCompile>
    <ClCompile Include="network\CHttpServer.cpp">
      <Filter>network</Filter>
    </ClCompile>
    <ClCompile Include="system\CBootLoader.cpp">
      <Filter>system</Filter>
    </ClCompile>
    <ClCompile Include="system\CHostMgr.cpp">
      <Filter>system</Filter>
    </ClCompile>
    <ClCompile Include="ini\CIniFile.cpp">
      <Filter>ini</Filter>
    </ClCompile>
    <ClCompile Include="ini\CINIHandler.cpp">
      <Filter>ini</Filter>
    </ClCompile>
		<ClCompile Include="system\CSession.cpp">
			<Filter>system</Filter>
		</ClCompile>
    <ClCompile Include="request\MarketTypes.cpp">
      <Filter>request</Filter>
    </ClCompile>
    <ClCompile Include="request\v1\market.pb.cc">
      <Filter>request</Filter>
    </ClCompile>
    <ClCompile Include="network\CFrameBuffer.cpp">
      <Filter>network</Filter>
    </ClCompile>
    <ClCompile Include="strategy\CStrategyContext.cpp">
      <Filter>strategy</Filter>
    </ClCompile>
    <ClCompile Include="strategy\CStrategyEngine.cpp">
      <Filter>strategy</Filter>
    </ClCompile>
    <ClCompile Include="strategy\CSimulatedTradingService.cpp">
      <Filter>strategy</Filter>
    </ClCompile>
    <ClCompile Include="strategy\StrategyTypes.cpp">
      <Filter>strategy</Filter>
    </ClCompile>
    <ClCompile Include="strategy\strategies\CMovingAverageStrategy.cpp">
      <Filter>strategy\strategies</Filter>
    </ClCompile>
  </ItemGroup>
  <ItemGroup>
    <Filter Include="common">
      <UniqueIdentifier>{2069bcca-3edb-498c-b098-8cfb55be3627}</UniqueIdentifier>
    </Filter>
    <Filter Include="network">
      <UniqueIdentifier>{aa090b69-2abb-4463-adad-f6804a5e1bc2}</UniqueIdentifier>
    </Filter>
    <Filter Include="request">
      <UniqueIdentifier>{a7b5d06b-72bd-4f35-8589-d8c6718c1951}</UniqueIdentifier>
    </Filter>
    <Filter Include="database">
      <UniqueIdentifier>{9bf96648-bd0f-464d-86a0-81b1e6ff865a}</UniqueIdentifier>
    </Filter>
    <Filter Include="basic">
      <UniqueIdentifier>{581f3253-c1e7-4eea-b5f2-477b1b68f585}</UniqueIdentifier>
    </Filter>
    <Filter Include="thread">
      <UniqueIdentifier>{9d251405-776e-4f22-a98a-a3bb136d59a7}</UniqueIdentifier>
    </Filter>
    <Filter Include="system">
      <UniqueIdentifier>{0cd3262f-a988-4777-b436-7b5541db40ab}</UniqueIdentifier>
    </Filter>
    <Filter Include="sql">
      <UniqueIdentifier>{90c8300d-fb72-46a4-8ea8-14a5d367ea2c}</UniqueIdentifier>
    </Filter>
    <Filter Include="ini">
      <UniqueIdentifier>{355a3106-79fa-438c-b69e-c77cb45d6425}</UniqueIdentifier>
    </Filter>
    <Filter Include="strategy">
      <UniqueIdentifier>{a7266a16-194f-4eb2-999e-091ff81864c8}</UniqueIdentifier>
    </Filter>
    <Filter Include="strategy\strategies">
      <UniqueIdentifier>{7912c051-b607-476a-8fa4-22f27deedda1}</UniqueIdentifier>
    </Filter>
  </ItemGroup>
  <ItemGroup>
    <ClInclude Include="common\datetime.h">
      <Filter>common</Filter>
    </ClInclude>
    <ClInclude Include="common\ISingleton.h">
      <Filter>common</Filter>
    </ClInclude>
    <ClInclude Include="common\modules.h">
      <Filter>common</Filter>
    </ClInclude>
    <ClInclude Include="common\utility.h">
      <Filter>common</Filter>
    </ClInclude>
    <ClInclude Include="network\CNet.h">
      <Filter>network</Filter>
    </ClInclude>
    <ClInclude Include="network\CTcpClient.h">
      <Filter>network</Filter>
    </ClInclude>
    <ClInclude Include="network\CNetPool.h">
      <Filter>network</Filter>
    </ClInclude>
    <ClInclude Include="network\CNetRouter.h">
      <Filter>network</Filter>
    </ClInclude>
    <ClInclude Include="network\CTcpServer.h">
      <Filter>network</Filter>
    </ClInclude>
    <ClInclude Include="network\CNetTools.h">
      <Filter>network</Filter>
    </ClInclude>
    <ClInclude Include="network\common_net.h">
      <Filter>network</Filter>
    </ClInclude>
    <ClInclude Include="request\request.h">
      <Filter>request</Filter>
    </ClInclude>
    <ClInclude Include="request\request.pb.h">
      <Filter>request</Filter>
    </ClInclude>
    <ClInclude Include="database\CDBEngine.h">
      <Filter>database</Filter>
    </ClInclude>
    <ClInclude Include="database\CMySQL.h">
      <Filter>database</Filter>
    </ClInclude>
    <ClInclude Include="database\CODBC.h">
      <Filter>database</Filter>
    </ClInclude>
    <ClInclude Include="database\COracle.h">
      <Filter>database</Filter>
    </ClInclude>
    <ClInclude Include="database\CSQLite3.h">
      <Filter>database</Filter>
    </ClInclude>
    <ClInclude Include="database\IDataBase.h">
      <Filter>database</Filter>
    </ClInclude>
    <ClInclude Include="database\common_db.h">
      <Filter>database</Filter>
    </ClInclude>
    <ClInclude Include="common\defines.h">
      <Filter>common</Filter>
    </ClInclude>
	<ClInclude Include="request\RequestCenter.h">
		<Filter>request</Filter>
	</ClInclude>
	<ClInclude Include="system\CBrokerService.h">
	  <Filter>system</Filter>
	</ClInclude>
	<ClInclude Include="system\CSubscriptionMgr.h">
	  <Filter>system</Filter>
	</ClInclude>
    <ClInclude Include="basic\CDistributor.h">
      <Filter>basic</Filter>
    </ClInclude>
    <ClInclude Include="thread\CThreadPool.h">
      <Filter>thread</Filter>
    </ClInclude>
    <ClInclude Include="network\CHttpServer.h">
      <Filter>network</Filter>
    </ClInclude>
    <ClInclude Include="common\container.h">
      <Filter>common</Filter>
    </ClInclude>
    <ClInclude Include="common\traits.h">
      <Filter>common</Filter>
    </ClInclude>
    <ClInclude Include="common\container_traits.h">
      <Filter>common</Filter>
    </ClInclude>
    <ClInclude Include="system\CBootLoader.h">
      <Filter>system</Filter>
    </ClInclude>
    <ClInclude Include="system\CHostMgr.h">
      <Filter>system</Filter>
    </ClInclude>
    <ClInclude Include="ini\CIniFile.h">
      <Filter>ini</Filter>
    </ClInclude>
    <ClInclude Include="ini\CINIHandler.h">
      <Filter>ini</Filter>
    </ClInclude>
		<ClInclude Include="system\CSession.h">
			<Filter>system</Filter>
		</ClInclude>
    <ClInclude Include="request\MarketTypes.h">
      <Filter>request</Filter>
    </ClInclude>
    <ClInclude Include="request\v1\market.pb.h">
      <Filter>request</Filter>
    </ClInclude>
    <ClInclude Include="network\CFrameBuffer.h">
      <Filter>network</Filter>
    </ClInclude>
    <ClInclude Include="strategy\CStrategyContext.h">
      <Filter>strategy</Filter>
    </ClInclude>
    <ClInclude Include="strategy\CStrategyEngine.h">
      <Filter>strategy</Filter>
    </ClInclude>
    <ClInclude Include="strategy\CSimulatedTradingService.h">
      <Filter>strategy</Filter>
    </ClInclude>
    <ClInclude Include="strategy\IStrategy.h">
      <Filter>strategy</Filter>
    </ClInclude>
    <ClInclude Include="strategy\IStrategyContext.h">
      <Filter>strategy</Filter>
    </ClInclude>
    <ClInclude Include="strategy\IStrategyOrderSink.h">
      <Filter>strategy</Filter>
    </ClInclude>
    <ClInclude Include="strategy\ITradingSnapshotProvider.h">
      <Filter>strategy</Filter>
    </ClInclude>
    <ClInclude Include="strategy\StrategyTypes.h">
      <Filter>strategy</Filter>
    </ClInclude>
    <ClInclude Include="strategy\strategies\CMovingAverageStrategy.h">
      <Filter>strategy\strategies</Filter>
    </ClInclude>
  </ItemGroup>
  <ItemGroup>
	<None Include="exec\debug\sql\table_create.sql">
	  <Filter>sql</Filter>
	</None>
	<None Include="exec\release\sql\table_create.sql">
	  <Filter>sql</Filter>
	</None>
  </ItemGroup>
</Project>
